
Microsoft Visual Studio Solution File, Format Version 12.00
# Visual Studio 15
VisualStudioVersion = 15.0.26228.12
MinimumVisualStudioVersion = 10.0.40219.1
Project("{FAE04EC0-301F-11D3-BF4B-00C04F79EFBC}") = "Project ASP.Net Shop", "Project ASP.Net Shop\Project ASP.Net Shop.csproj", "{2783C5A1-7CAE-4C34-8008-DB4ABEDF84E7}"
EndProject
Global
	GlobalSection(SolutionConfigurationPlatforms) = preSolution
		Debug|Any CPU = Debug|Any CPU
		Release|Any CPU = Release|Any CPU
	EndGlobalSection
	GlobalSection(ProjectConfigurationPlatforms) = postSolution
		{2783C5A1-7CAE-4C34-8008-DB4ABEDF84E7}.Debug|Any CPU.ActiveCfg = Debug|Any CPU
		{2783C5A1-7CAE-4C34-8008-DB4ABEDF84E7}.Debug|Any CPU.Build.0 = Debug|Any CPU
		{2783C5A1-7CAE-4C34-8008-DB4ABEDF84E7}.Release|Any CPU.ActiveCfg = Release|Any CPU
		{2783C5A1-7CAE-4C34-8008-DB4ABEDF84E7}.Release|Any CPU.Build.0 = Release|Any CPU
	EndGlobalSection
	GlobalSection(SolutionProperties) = preSolution
		HideSolutionNode = FALSE
	EndGlobalSection
EndGlobal
